
Microsoft Visual Studio Solution File, Format Version 12.00
# Visual Studio Version 16
VisualStudioVersion = 16.0.30717.126
MinimumVisualStudioVersion = 10.0.40219.1
Project("{FAE04EC0-301F-11D3-BF4B-00C04F79EFBC}") = "knapsMvg", "knapsMvg\knapsMvg.csproj", "{45EB432E-C254-4684-8FC0-04937920AEEE}"
EndProject
Global
	GlobalSection(SolutionConfigurationPlatforms) = preSolution
		Debug|Any CPU = Debug|Any CPU
		Release|Any CPU = Release|Any CPU
	EndGlobalSection
	GlobalSection(ProjectConfigurationPlatforms) = postSolution
		{45EB432E-C254-4684-8FC0-04937920AEEE}.Debug|Any CPU.ActiveCfg = Debug|Any CPU
		{45EB432E-C254-4684-8FC0-04937920AEEE}.Debug|Any CPU.Build.0 = Debug|Any CPU
		{45EB432E-C254-4684-8FC0-04937920AEEE}.Release|Any CPU.ActiveCfg = Release|Any CPU
		{45EB432E-C254-4684-8FC0-04937920AEEE}.Release|Any CPU.Build.0 = Release|Any CPU
	EndGlobalSection
	GlobalSection(SolutionProperties) = preSolution
		HideSolutionNode = FALSE
	EndGlobalSection
	GlobalSection(ExtensibilityGlobals) = postSolution
		SolutionGuid = {68348298-3CEE-4891-8FD7-565DEAB3A0C0}
	EndGlobalSection
EndGlobal
